# This file is automatically @generated by Cargo.
# It is not intended for manual editing.
version = 3

[[package]]
name = "mini-format"
version = "0.1.0"
source = "git+https://gitlab.univ-lille.fr/2xs/mini-format.git#78a23c2e4fc68f1a3a8c64ff605c5ca6541fe5a9"

[[package]]
name = "root"
version = "0.1.0"
dependencies = [
 "mini-format",
]
