# This file is automatically @generated by Cargo.
# It is not intended for manual editing.
version = 3

[[package]]
name = "enum_from_derive"
version = "0.1.0"
source = "git+https://github.com/LekloOno/ProcMacro_PrimitiveToEnum#c65cdb02419ebf44ac5231635b5b0a83051f2db2"
dependencies = [
 "quote",
 "syn",
]

[[package]]
name = "mini-format"
version = "0.1.0"
source = "git+https://gitlab.univ-lille.fr/2xs/mini-format.git#78a23c2e4fc68f1a3a8c64ff605c5ca6541fe5a9"

[[package]]
name = "proc-macro2"
version = "1.0.85"
source = "registry+https://github.com/rust-lang/crates.io-index"
checksum = "22244ce15aa966053a896d1accb3a6e68469b97c7f33f284b99f0d576879fc23"
dependencies = [
 "unicode-ident",
]

[[package]]
name = "ptr_bits_ops"
version = "0.1.1"
source = "git+https://github.com/LekloOno/pointer_bits_operators#632f57194636c1050df13df5464b7e1b9f6f3ab1"

[[package]]
name = "quote"
version = "1.0.36"
source = "registry+https://github.com/rust-lang/crates.io-index"
checksum = "0fa76aaf39101c457836aec0ce2316dbdc3ab723cdda1c6bd4e6ad4208acaca7"
dependencies = [
 "proc-macro2",
]

[[package]]
name = "root"
version = "0.1.0"
dependencies = [
 "enum_from_derive",
 "mini-format",
 "ptr_bits_ops",
]

[[package]]
name = "syn"
version = "1.0.109"
source = "registry+https://github.com/rust-lang/crates.io-index"
checksum = "72b64191b275b66ffe2469e8af2c1cfe3bafa67b529ead792a6d0160888b4237"
dependencies = [
 "proc-macro2",
 "quote",
 "unicode-ident",
]

[[package]]
name = "unicode-ident"
version = "1.0.12"
source = "registry+https://github.com/rust-lang/crates.io-index"
checksum = "3354b9ac3fae1ff6755cb6db53683adb661634f67557942dea4facebec0fee4b"
